
Microsoft Visual Studio Solution File, Format Version 12.00
# Visual Studio Version 17
VisualStudioVersion = 17.11.35312.102
MinimumVisualStudioVersion = 10.0.40219.1
Project("{FAE04EC0-301F-11D3-BF4B-00C04F79EFBC}") = "BloodDonation.API", "BloodDonation.API\BloodDonation.API.csproj", "{56C15CAB-E944-4ABD-8042-5649D3044E42}"
EndProject
Project("{FAE04EC0-301F-11D3-BF4B-00C04F79EFBC}") = "BloodDonation.Application", "BloodDonation.Application\BloodDonation.Application.csproj", "{E4CB84D6-7C94-4895-B3C5-3D3751EC1924}"
EndProject
Project("{FAE04EC0-301F-11D3-BF4B-00C04F79EFBC}") = "BloodDonation.Core", "BloodDonation.Core\BloodDonation.Core.csproj", "{BAC3B85E-EFF7-4EB8-9C2D-417A8685A66F}"
EndProject
Project("{FAE04EC0-301F-11D3-BF4B-00C04F79EFBC}") = "BloodDonation.Infrastructure", "BloodDonation.Infrastructure\BloodDonation.Infrastructure.csproj", "{4ED00086-D3CA-4ABD-91CB-150015042C36}"
EndProject
Global
	GlobalSection(SolutionConfigurationPlatforms) = preSolution
		Debug|Any CPU = Debug|Any CPU
		Release|Any CPU = Release|Any CPU
	EndGlobalSection
	GlobalSection(ProjectConfigurationPlatforms) = postSolution
		{56C15CAB-E944-4ABD-8042-5649D3044E42}.Debug|Any CPU.ActiveCfg = Debug|Any CPU
		{56C15CAB-E944-4ABD-8042-5649D3044E42}.Debug|Any CPU.Build.0 = Debug|Any CPU
		{56C15CAB-E944-4ABD-8042-5649D3044E42}.Release|Any CPU.ActiveCfg = Release|Any CPU
		{56C15CAB-E944-4ABD-8042-5649D3044E42}.Release|Any CPU.Build.0 = Release|Any CPU
		{E4CB84D6-7C94-4895-B3C5-3D3751EC1924}.Debug|Any CPU.ActiveCfg = Debug|Any CPU
		{E4CB84D6-7C94-4895-B3C5-3D3751EC1924}.Debug|Any CPU.Build.0 = Debug|Any CPU
		{E4CB84D6-7C94-4895-B3C5-3D3751EC1924}.Release|Any CPU.ActiveCfg = Release|Any CPU
		{E4CB84D6-7C94-4895-B3C5-3D3751EC1924}.Release|Any CPU.Build.0 = Release|Any CPU
		{BAC3B85E-EFF7-4EB8-9C2D-417A8685A66F}.Debug|Any CPU.ActiveCfg = Debug|Any CPU
		{BAC3B85E-EFF7-4EB8-9C2D-417A8685A66F}.Debug|Any CPU.Build.0 = Debug|Any CPU
		{BAC3B85E-EFF7-4EB8-9C2D-417A8685A66F}.Release|Any CPU.ActiveCfg = Release|Any CPU
		{BAC3B85E-EFF7-4EB8-9C2D-417A8685A66F}.Release|Any CPU.Build.0 = Release|Any CPU
		{4ED00086-D3CA-4ABD-91CB-150015042C36}.Debug|Any CPU.ActiveCfg = Debug|Any CPU
		{4ED00086-D3CA-4ABD-91CB-150015042C36}.Debug|Any CPU.Build.0 = Debug|Any CPU
		{4ED00086-D3CA-4ABD-91CB-150015042C36}.Release|Any CPU.ActiveCfg = Release|Any CPU
		{4ED00086-D3CA-4ABD-91CB-150015042C36}.Release|Any CPU.Build.0 = Release|Any CPU
	EndGlobalSection
	GlobalSection(SolutionProperties) = preSolution
		HideSolutionNode = FALSE
	EndGlobalSection
	GlobalSection(ExtensibilityGlobals) = postSolution
		SolutionGuid = {6A6231EF-725D-4F4A-BB5A-50D09F63B097}
	EndGlobalSection
EndGlobal
